
Microsoft Visual Studio Solution File, Format Version 12.00
# Visual Studio Version 17
VisualStudioVersion = 17.14.36429.23 d17.14
MinimumVisualStudioVersion = 10.0.40219.1
Project("{FAE04EC0-301F-11D3-BF4B-00C04F79EFBC}") = "API_demo", "API_demo.csproj", "{804A9AE2-F15C-4F0A-B773-20C76A36EDEF}"
EndProject
Global
	GlobalSection(SolutionConfigurationPlatforms) = preSolution
		Debug|Any CPU = Debug|Any CPU
		Release|Any CPU = Release|Any CPU
	EndGlobalSection
	GlobalSection(ProjectConfigurationPlatforms) = postSolution
		{804A9AE2-F15C-4F0A-B773-20C76A36EDEF}.Debug|Any CPU.ActiveCfg = Debug|Any CPU
		{804A9AE2-F15C-4F0A-B773-20C76A36EDEF}.Debug|Any CPU.Build.0 = Debug|Any CPU
		{804A9AE2-F15C-4F0A-B773-20C76A36EDEF}.Release|Any CPU.ActiveCfg = Release|Any CPU
		{804A9AE2-F15C-4F0A-B773-20C76A36EDEF}.Release|Any CPU.Build.0 = Release|Any CPU
	EndGlobalSection
	GlobalSection(SolutionProperties) = preSolution
		HideSolutionNode = FALSE
	EndGlobalSection
	GlobalSection(ExtensibilityGlobals) = postSolution
		SolutionGuid = {E8A7951E-F2E5-44D9-B840-EBE309695692}
	EndGlobalSection
EndGlobal
