
Microsoft Visual Studio Solution File, Format Version 12.00
# Visual Studio Version 17
VisualStudioVersion = 17.14.36429.23 d17.14
MinimumVisualStudioVersion = 10.0.40219.1
Project("{FAE04EC0-301F-11D3-BF4B-00C04F79EFBC}") = "grade evaluator", "grade evaluator.csproj", "{B1C8B1E0-BB93-49DD-971E-F45F7F4B62E9}"
EndProject
Global
	GlobalSection(SolutionConfigurationPlatforms) = preSolution
		Debug|Any CPU = Debug|Any CPU
		Release|Any CPU = Release|Any CPU
	EndGlobalSection
	GlobalSection(ProjectConfigurationPlatforms) = postSolution
		{B1C8B1E0-BB93-49DD-971E-F45F7F4B62E9}.Debug|Any CPU.ActiveCfg = Debug|Any CPU
		{B1C8B1E0-BB93-49DD-971E-F45F7F4B62E9}.Debug|Any CPU.Build.0 = Debug|Any CPU
		{B1C8B1E0-BB93-49DD-971E-F45F7F4B62E9}.Release|Any CPU.ActiveCfg = Release|Any CPU
		{B1C8B1E0-BB93-49DD-971E-F45F7F4B62E9}.Release|Any CPU.Build.0 = Release|Any CPU
	EndGlobalSection
	GlobalSection(SolutionProperties) = preSolution
		HideSolutionNode = FALSE
	EndGlobalSection
	GlobalSection(ExtensibilityGlobals) = postSolution
		SolutionGuid = {16168124-5988-45CC-A297-2A422FFCAD83}
	EndGlobalSection
EndGlobal
